PODS:
  - Amplify (1.5.0):
    - Amplify/Default (= 1.5.0)
  - Amplify/Default (1.5.0)
  - amplify_analytics_pinpoint (0.0.1):
    - Amplify
    - AmplifyPlugins/AWSPinpointAnalyticsPlugin
    - Flutter
  - amplify_auth_cognito (0.0.1):
    - Amplify
    - AmplifyPlugins/AWSCognitoAuthPlugin
    - Flutter
    - ObjectMapper
  - amplify_core (0.0.1):
    - Amplify
    - AmplifyPlugins/AWSAPIPlugin
    - AmplifyPlugins/AWSCognitoAuthPlugin
    - AWSPluginsCore
    - Flutter
  - AmplifyPlugins/AWSAPIPlugin (1.5.0):
    - AppSyncRealTimeClient (~> 1.4.0)
    - AWSCore (~> 2.19.0)
    - AWSPluginsCore (= 1.5.0)
    - ReachabilitySwift (~> 5.0.0)
  - AmplifyPlugins/AWSCognitoAuthPlugin (1.5.0):
    - AWSAuthCore (~> 2.19.0)
    - AWSCognitoIdentityProvider (~> 2.19.0)
    - AWSCognitoIdentityProviderASF (~> 2.19.0)
    - AWSCore (~> 2.19.0)
    - AWSMobileClient (~> 2.19.0)
    - AWSPluginsCore (= 1.5.0)
  - AmplifyPlugins/AWSPinpointAnalyticsPlugin (1.5.0):
    - AWSCore (~> 2.19.0)
    - AWSPinpoint (~> 2.19.0)
    - AWSPluginsCore (= 1.5.0)
  - AppSyncRealTimeClient (1.4.2):
    - Starscream (~> 3.1.0)
  - AWSAuthCore (2.19.1):
    - AWSCore (= 2.19.1)
  - AWSCognitoIdentityProvider (2.19.1):
    - AWSCognitoIdentityProviderASF (= 2.19.1)
    - AWSCore (= 2.19.1)
  - AWSCognitoIdentityProviderASF (2.19.1)
  - AWSCore (2.19.1)
  - AWSMobileClient (2.19.1):
    - AWSAuthCore (= 2.19.1)
    - AWSCognitoIdentityProvider (= 2.19.1)
    - AWSCognitoIdentityProviderASF (= 2.19.1)
    - AWSCore (= 2.19.1)
  - AWSPinpoint (2.19.1):
    - AWSCore (= 2.19.1)
  - AWSPluginsCore (1.5.0):
    - Amplify (= 1.5.0)
    - AWSCore (~> 2.19.0)
    - AWSMobileClient (~> 2.19.0)
  - Flutter (1.0.0)
  - ObjectMapper (4.2.0)
  - ReachabilitySwift (5.0.0)
  - Starscream (3.1.1)

DEPENDENCIES:
  - amplify_analytics_pinpoint (from `.symlinks/plugins/amplify_analytics_pinpoint/ios`)
  - amplify_auth_cognito (from `.symlinks/plugins/amplify_auth_cognito/ios`)
  - amplify_core (from `.symlinks/plugins/amplify_core/ios`)
  - Flutter (from `Flutter`)

SPEC REPOS:
  trunk:
    - Amplify
    - AmplifyPlugins
    - AppSyncRealTimeClient
    - AWSAuthCore
    - AWSCognitoIdentityProvider
    - AWSCognitoIdentityProviderASF
    - AWSCore
    - AWSMobileClient
    - AWSPinpoint
    - AWSPluginsCore
    - ObjectMapper
    - ReachabilitySwift
    - Starscream

EXTERNAL SOURCES:
  amplify_analytics_pinpoint:
    :path: ".symlinks/plugins/amplify_analytics_pinpoint/ios"
  amplify_auth_cognito:
    :path: ".symlinks/plugins/amplify_auth_cognito/ios"
  amplify_core:
    :path: ".symlinks/plugins/amplify_core/ios"
  Flutter:
    :path: Flutter

SPEC CHECKSUMS:
  Amplify: 4d188462f31a3dfde270e556a338bfbcee9132c7
  amplify_analytics_pinpoint: ed8e72e7c27d1ccd525eeba1b76c8b9487cb8ac7
  amplify_auth_cognito: 21e6e4acd861653d73875ee7d8ddce1a404e23cf
  amplify_core: 0423f1ba3b97affd7ce84dc02fae327ce9be8473
  AmplifyPlugins: 150ace360ecda03061c4f10677da4f0f9311e1be
  AppSyncRealTimeClient: 7fb160294d067b6c0c4b3c4ab91e953fd4cfba30
  AWSAuthCore: 387c5e3482edbbb0fe754fa110a2a0203c783432
  AWSCognitoIdentityProvider: e6932c709d3e0b234128aeb5f2052c9bf1032d8d
  AWSCognitoIdentityProviderASF: 749f58b75e69f7f0144b9d38539525562b843d34
  AWSCore: 55c154ae27efc5c98bdc30a0eeea5a35d10a2ab5
  AWSMobileClient: b908cada3c35da9cfe5b4ff9947fcf70142495e7
  AWSPinpoint: 8c07b9759eebe269a5b26d38a96f5ecd5478b1fb
  AWSPluginsCore: a278324b1a3ef7fdee4336382b7871991d0e98f2
  Flutter: 434fef37c0980e73bb6479ef766c45957d4b510c
  ObjectMapper: 1eb41f610210777375fa806bf161dc39fb832b81
  ReachabilitySwift: 985039c6f7b23a1da463388634119492ff86c825
  Starscream: 4bb2f9942274833f7b4d296a55504dcfc7edb7b0

PODFILE CHECKSUM: 0661a8b4d2adb53671731a5c90a8e5964fc4bf1f

COCOAPODS: 1.9.3
